
Microsoft Visual Studio Solution File, Format Version 12.00
# Visual Studio Version 16
VisualStudioVersion = 16.0.29102.190
MinimumVisualStudioVersion = 10.0.40219.1
Project("{9A19103F-16F7-4668-BE54-9A1E7A4F7556}") = "CyonClient", "CyonClient\CyonClient.csproj", "{5463BCB7-14E8-4154-B244-9D201F509539}"
EndProject
Global
	GlobalSection(SolutionConfigurationPlatforms) = preSolution
		Debug|Any CPU = Debug|Any CPU
		Release|Any CPU = Release|Any CPU
	EndGlobalSection
	GlobalSection(ProjectConfigurationPlatforms) = postSolution
		{5463BCB7-14E8-4154-B244-9D201F509539}.Debug|Any CPU.ActiveCfg = Debug|Any CPU
		{5463BCB7-14E8-4154-B244-9D201F509539}.Debug|Any CPU.Build.0 = Debug|Any CPU
		{5463BCB7-14E8-4154-B244-9D201F509539}.Release|Any CPU.ActiveCfg = Release|Any CPU
		{5463BCB7-14E8-4154-B244-9D201F509539}.Release|Any CPU.Build.0 = Release|Any CPU
	EndGlobalSection
	GlobalSection(SolutionProperties) = preSolution
		HideSolutionNode = FALSE
	EndGlobalSection
	GlobalSection(ExtensibilityGlobals) = postSolution
		SolutionGuid = {B208BAE6-16BE-425F-8667-5530A37B898C}
	EndGlobalSection
EndGlobal
